
Microsoft Visual Studio Solution File, Format Version 12.00
# Visual Studio Version 16
VisualStudioVersion = 16.0.31911.196
MinimumVisualStudioVersion = 10.0.40219.1
Project("{FAE04EC0-301F-11D3-BF4B-00C04F79EFBC}") = "Задание 8", "Задание 8\Задание 8.csproj", "{64EF98F1-4F89-4AB9-A035-F6293F737668}"
EndProject
Project("{FAE04EC0-301F-11D3-BF4B-00C04F79EFBC}") = "Задание 8.2", "Задание 8.2\Задание 8.2.csproj", "{45A1E2ED-5837-48DD-9452-5056821F541B}"
EndProject
Global
	GlobalSection(SolutionConfigurationPlatforms) = preSolution
		Debug|Any CPU = Debug|Any CPU
		Release|Any CPU = Release|Any CPU
	EndGlobalSection
	GlobalSection(ProjectConfigurationPlatforms) = postSolution
		{64EF98F1-4F89-4AB9-A035-F6293F737668}.Debug|Any CPU.ActiveCfg = Debug|Any CPU
		{64EF98F1-4F89-4AB9-A035-F6293F737668}.Debug|Any CPU.Build.0 = Debug|Any CPU
		{64EF98F1-4F89-4AB9-A035-F6293F737668}.Release|Any CPU.ActiveCfg = Release|Any CPU
		{64EF98F1-4F89-4AB9-A035-F6293F737668}.Release|Any CPU.Build.0 = Release|Any CPU
		{45A1E2ED-5837-48DD-9452-5056821F541B}.Debug|Any CPU.ActiveCfg = Debug|Any CPU
		{45A1E2ED-5837-48DD-9452-5056821F541B}.Debug|Any CPU.Build.0 = Debug|Any CPU
		{45A1E2ED-5837-48DD-9452-5056821F541B}.Release|Any CPU.ActiveCfg = Release|Any CPU
		{45A1E2ED-5837-48DD-9452-5056821F541B}.Release|Any CPU.Build.0 = Release|Any CPU
	EndGlobalSection
	GlobalSection(SolutionProperties) = preSolution
		HideSolutionNode = FALSE
	EndGlobalSection
	GlobalSection(ExtensibilityGlobals) = postSolution
		SolutionGuid = {A2C77B19-1D91-453B-AB92-CA00A010967A}
	EndGlobalSection
EndGlobal
